
Microsoft Visual Studio Solution File, Format Version 12.00
# Visual Studio Version 16
VisualStudioVersion = 16.0.30621.155
MinimumVisualStudioVersion = 10.0.40219.1
Project("{8BC9CEB8-8B4A-11D0-8D11-00A0C91BC942}") = "lab1.2", "lab1.2\lab1.2.vcxproj", "{6419B247-1B94-48AE-B669-7453CE655ADA}"
EndProject
Project("{8BC9CEB8-8B4A-11D0-8D11-00A0C91BC942}") = "UnitTest1.2", "UnitTest1.2\UnitTest1.2.vcxproj", "{3050C81D-D9C7-436C-B91D-F717C01C2805}"
EndProject
Global
	GlobalSection(SolutionConfigurationPlatforms) = preSolution
		Debug|x64 = Debug|x64
		Debug|x86 = Debug|x86
		Release|x64 = Release|x64
		Release|x86 = Release|x86
	EndGlobalSection
	GlobalSection(ProjectConfigurationPlatforms) = postSolution
		{6419B247-1B94-48AE-B669-7453CE655ADA}.Debug|x64.ActiveCfg = Debug|x64
		{6419B247-1B94-48AE-B669-7453CE655ADA}.Debug|x64.Build.0 = Debug|x64
		{6419B247-1B94-48AE-B669-7453CE655ADA}.Debug|x86.ActiveCfg = Debug|Win32
		{6419B247-1B94-48AE-B669-7453CE655ADA}.Debug|x86.Build.0 = Debug|Win32
		{6419B247-1B94-48AE-B669-7453CE655ADA}.Release|x64.ActiveCfg = Release|x64
		{6419B247-1B94-48AE-B669-7453CE655ADA}.Release|x64.Build.0 = Release|x64
		{6419B247-1B94-48AE-B669-7453CE655ADA}.Release|x86.ActiveCfg = Release|Win32
		{6419B247-1B94-48AE-B669-7453CE655ADA}.Release|x86.Build.0 = Release|Win32
		{3050C81D-D9C7-436C-B91D-F717C01C2805}.Debug|x64.ActiveCfg = Debug|x64
		{3050C81D-D9C7-436C-B91D-F717C01C2805}.Debug|x64.Build.0 = Debug|x64
		{3050C81D-D9C7-436C-B91D-F717C01C2805}.Debug|x86.ActiveCfg = Debug|Win32
		{3050C81D-D9C7-436C-B91D-F717C01C2805}.Debug|x86.Build.0 = Debug|Win32
		{3050C81D-D9C7-436C-B91D-F717C01C2805}.Release|x64.ActiveCfg = Release|x64
		{3050C81D-D9C7-436C-B91D-F717C01C2805}.Release|x64.Build.0 = Release|x64
		{3050C81D-D9C7-436C-B91D-F717C01C2805}.Release|x86.ActiveCfg = Release|Win32
		{3050C81D-D9C7-436C-B91D-F717C01C2805}.Release|x86.Build.0 = Release|Win32
	EndGlobalSection
	GlobalSection(SolutionProperties) = preSolution
		HideSolutionNode = FALSE
	EndGlobalSection
	GlobalSection(ExtensibilityGlobals) = postSolution
		SolutionGuid = {C15C92EE-4C48-4999-856F-DEEF73CE1B4C}
	EndGlobalSection
EndGlobal
